Microsoft Visual Studio Solution File, Format Version 11.00
# Visual Studio 2008

Project("{C8004330-BE67-0062-94CF-EAF24FF0B7C3}") = "Simulador", "Assembly-CSharp-firstpass.csproj", "{4B2E4521-B913-83AB-80D6-C86049610DC8}"
EndProject
Project("{C8004330-BE67-0062-94CF-EAF24FF0B7C3}") = "Simulador", "Assembly-CSharp.csproj", "{9F414975-6244-D4B5-9187-7204217B279B}"
EndProject
Project("{C8004330-BE67-0062-94CF-EAF24FF0B7C3}") = "Simulador", "Assembly-CSharp-Editor.csproj", "{DF4D6760-DA03-5218-E097-DC45D2739709}"
EndProject
Project("{C8004330-BE67-0062-94CF-EAF24FF0B7C3}") = "Simulador", "Assembly-UnityScript-firstpass.unityproj", "{A593ED34-A620-EA04-E743-2C8CC0FF3B3D}"
EndProject
Project("{C8004330-BE67-0062-94CF-EAF24FF0B7C3}") = "Simulador", "Assembly-UnityScript.unityproj", "{49C21DE8-F75B-02DF-808D-007E0A569BD4}"
EndProject
Project("{C8004330-BE67-0062-94CF-EAF24FF0B7C3}") = "Simulador", "Assembly-UnityScript-Editor.unityproj", "{8212DF4E-0780-2791-70C3-B27209E8E994}"
EndProject
Global
	GlobalSection(SolutionConfigurationPlatforms) = preSolution
		Debug|Any CPU = Debug|Any CPU
		Release|Any CPU = Release|Any CPU
	EndGlobalSection
	GlobalSection(ProjectConfigurationPlatforms) = postSolution
		{4B2E4521-B913-83AB-80D6-C86049610DC8}.Debug|Any CPU.ActiveCfg = Debug|Any CPU
		{4B2E4521-B913-83AB-80D6-C86049610DC8}.Debug|Any CPU.Build.0 = Debug|Any CPU
		{4B2E4521-B913-83AB-80D6-C86049610DC8}.Release|Any CPU.ActiveCfg = Release|Any CPU
		{4B2E4521-B913-83AB-80D6-C86049610DC8}.Release|Any CPU.Build.0 = Release|Any CPU
		{9F414975-6244-D4B5-9187-7204217B279B}.Debug|Any CPU.ActiveCfg = Debug|Any CPU
		{9F414975-6244-D4B5-9187-7204217B279B}.Debug|Any CPU.Build.0 = Debug|Any CPU
		{9F414975-6244-D4B5-9187-7204217B279B}.Release|Any CPU.ActiveCfg = Release|Any CPU
		{9F414975-6244-D4B5-9187-7204217B279B}.Release|Any CPU.Build.0 = Release|Any CPU
		{DF4D6760-DA03-5218-E097-DC45D2739709}.Debug|Any CPU.ActiveCfg = Debug|Any CPU
		{DF4D6760-DA03-5218-E097-DC45D2739709}.Debug|Any CPU.Build.0 = Debug|Any CPU
		{DF4D6760-DA03-5218-E097-DC45D2739709}.Release|Any CPU.ActiveCfg = Release|Any CPU
		{DF4D6760-DA03-5218-E097-DC45D2739709}.Release|Any CPU.Build.0 = Release|Any CPU
		{A593ED34-A620-EA04-E743-2C8CC0FF3B3D}.Debug|Any CPU.ActiveCfg = Debug|Any CPU
		{A593ED34-A620-EA04-E743-2C8CC0FF3B3D}.Debug|Any CPU.Build.0 = Debug|Any CPU
		{A593ED34-A620-EA04-E743-2C8CC0FF3B3D}.Release|Any CPU.ActiveCfg = Release|Any CPU
		{A593ED34-A620-EA04-E743-2C8CC0FF3B3D}.Release|Any CPU.Build.0 = Release|Any CPU
		{49C21DE8-F75B-02DF-808D-007E0A569BD4}.Debug|Any CPU.ActiveCfg = Debug|Any CPU
		{49C21DE8-F75B-02DF-808D-007E0A569BD4}.Debug|Any CPU.Build.0 = Debug|Any CPU
		{49C21DE8-F75B-02DF-808D-007E0A569BD4}.Release|Any CPU.ActiveCfg = Release|Any CPU
		{49C21DE8-F75B-02DF-808D-007E0A569BD4}.Release|Any CPU.Build.0 = Release|Any CPU
		{8212DF4E-0780-2791-70C3-B27209E8E994}.Debug|Any CPU.ActiveCfg = Debug|Any CPU
		{8212DF4E-0780-2791-70C3-B27209E8E994}.Debug|Any CPU.Build.0 = Debug|Any CPU
		{8212DF4E-0780-2791-70C3-B27209E8E994}.Release|Any CPU.ActiveCfg = Release|Any CPU
		{8212DF4E-0780-2791-70C3-B27209E8E994}.Release|Any CPU.Build.0 = Release|Any CPU
	EndGlobalSection
	GlobalSection(SolutionProperties) = preSolution
		HideSolutionNode = FALSE
	EndGlobalSection
																																																																																																																																																								GlobalSection(MonoDevelopProperties) = preSolution
		StartupItem = Assembly-CSharp.csproj
		Policies = $0
		$0.TextStylePolicy = $1
		$1.inheritsSet = null
		$1.scope = text/x-csharp
		$0.CSharpFormattingPolicy = $2
		$2.inheritsSet = Mono
		$2.inheritsScope = text/x-csharp
		$2.scope = text/x-csharp
		$0.TextStylePolicy = $3
		$3.FileWidth = 120
		$3.TabWidth = 4
		$3.EolMarker = Unix
		$3.inheritsSet = Mono
		$3.inheritsScope = text/plain
		$3.scope = text/plain
	EndGlobalSection

EndGlobal
